
Microsoft Visual Studio Solution File, Format Version 12.00
# Visual Studio Version 17
VisualStudioVersion = 17.4.33110.190
MinimumVisualStudioVersion = 10.0.40219.1
Project("{9A19103F-16F7-4668-BE54-9A1E7A4F7556}") = "WebLayer", "mvcCore2\WebLayer.csproj", "{8638C04C-60F3-4030-BABC-788C49B6CD6B}"
EndProject
Project("{9A19103F-16F7-4668-BE54-9A1E7A4F7556}") = "DAL", "DAL\DAL.csproj", "{89B85E56-021D-4C77-BEDA-D82190150AE1}"
EndProject
Project("{9A19103F-16F7-4668-BE54-9A1E7A4F7556}") = "ModelsLayer", "ModelsLayer\ModelsLayer.csproj", "{698E2352-C4AE-41A0-84F3-90555604319D}"
EndProject
Project("{9A19103F-16F7-4668-BE54-9A1E7A4F7556}") = "UtilitiesLayer", "UtilitiesLayer\UtilitiesLayer.csproj", "{286B2FD2-9CA4-427A-9531-128D106463EC}"
EndProject
Global
	GlobalSection(SolutionConfigurationPlatforms) = preSolution
		Debug|Any CPU = Debug|Any CPU
		Release|Any CPU = Release|Any CPU
	EndGlobalSection
	GlobalSection(ProjectConfigurationPlatforms) = postSolution
		{8638C04C-60F3-4030-BABC-788C49B6CD6B}.Debug|Any CPU.ActiveCfg = Debug|Any CPU
		{8638C04C-60F3-4030-BABC-788C49B6CD6B}.Debug|Any CPU.Build.0 = Debug|Any CPU
		{8638C04C-60F3-4030-BABC-788C49B6CD6B}.Release|Any CPU.ActiveCfg = Release|Any CPU
		{8638C04C-60F3-4030-BABC-788C49B6CD6B}.Release|Any CPU.Build.0 = Release|Any CPU
		{89B85E56-021D-4C77-BEDA-D82190150AE1}.Debug|Any CPU.ActiveCfg = Debug|Any CPU
		{89B85E56-021D-4C77-BEDA-D82190150AE1}.Debug|Any CPU.Build.0 = Debug|Any CPU
		{89B85E56-021D-4C77-BEDA-D82190150AE1}.Release|Any CPU.ActiveCfg = Release|Any CPU
		{89B85E56-021D-4C77-BEDA-D82190150AE1}.Release|Any CPU.Build.0 = Release|Any CPU
		{698E2352-C4AE-41A0-84F3-90555604319D}.Debug|Any CPU.ActiveCfg = Debug|Any CPU
		{698E2352-C4AE-41A0-84F3-90555604319D}.Debug|Any CPU.Build.0 = Debug|Any CPU
		{698E2352-C4AE-41A0-84F3-90555604319D}.Release|Any CPU.ActiveCfg = Release|Any CPU
		{698E2352-C4AE-41A0-84F3-90555604319D}.Release|Any CPU.Build.0 = Release|Any CPU
		{286B2FD2-9CA4-427A-9531-128D106463EC}.Debug|Any CPU.ActiveCfg = Debug|Any CPU
		{286B2FD2-9CA4-427A-9531-128D106463EC}.Debug|Any CPU.Build.0 = Debug|Any CPU
		{286B2FD2-9CA4-427A-9531-128D106463EC}.Release|Any CPU.ActiveCfg = Release|Any CPU
		{286B2FD2-9CA4-427A-9531-128D106463EC}.Release|Any CPU.Build.0 = Release|Any CPU
	EndGlobalSection
	GlobalSection(SolutionProperties) = preSolution
		HideSolutionNode = FALSE
	EndGlobalSection
	GlobalSection(ExtensibilityGlobals) = postSolution
		SolutionGuid = {A5093D10-8364-4478-8CE2-67AE7084DF8A}
	EndGlobalSection
EndGlobal
